
Microsoft Visual Studio Solution File, Format Version 12.00
# Visual Studio Version 17
VisualStudioVersion = 17.14.36221.1
MinimumVisualStudioVersion = 10.0.40219.1
Project("{FAE04EC0-301F-11D3-BF4B-00C04F79EFBC}") = "XRCultureViewer", "XRCultureViewer\XRCultureViewer.csproj", "{62E791B6-B3C8-4043-B24A-B51D6962B3B5}"
EndProject
Global
	GlobalSection(SolutionConfigurationPlatforms) = preSolution
		Debug|Any CPU = Debug|Any CPU
		Release|Any CPU = Release|Any CPU
	EndGlobalSection
	GlobalSection(ProjectConfigurationPlatforms) = postSolution
		{62E791B6-B3C8-4043-B24A-B51D6962B3B5}.Debug|Any CPU.ActiveCfg = Debug|Any CPU
		{62E791B6-B3C8-4043-B24A-B51D6962B3B5}.Debug|Any CPU.Build.0 = Debug|Any CPU
		{62E791B6-B3C8-4043-B24A-B51D6962B3B5}.Release|Any CPU.ActiveCfg = Release|Any CPU
		{62E791B6-B3C8-4043-B24A-B51D6962B3B5}.Release|Any CPU.Build.0 = Release|Any CPU
	EndGlobalSection
	GlobalSection(SolutionProperties) = preSolution
		HideSolutionNode = FALSE
	EndGlobalSection
	GlobalSection(ExtensibilityGlobals) = postSolution
		SolutionGuid = {A27010CD-E322-4F4E-AC26-906DA3E4BF0A}
	EndGlobalSection
EndGlobal
